
Microsoft Visual Studio Solution File, Format Version 12.00
# Visual Studio Version 17
VisualStudioVersion = 17.0.31903.59
MinimumVisualStudioVersion = 10.0.40219.1
Project("{FAE04EC0-301F-11D3-BF4B-00C04F79EFBC}") = "Environments.EnvironmentMappings", "Environments.EnvironmentMappings\Environments.EnvironmentMappings.csproj", "{40131806-2536-47E3-9E36-903BD9BC3A23}"
EndProject
Project("{FAE04EC0-301F-11D3-BF4B-00C04F79EFBC}") = "Environments.EnvironmentMappings.Tests", "Environments.EnvironmentMappings.Tests\Environments.EnvironmentMappings.Tests.csproj", "{AE64C2D9-F038-4347-A816-0E6110312639}"
EndProject
Project("{FAE04EC0-301F-11D3-BF4B-00C04F79EFBC}") = "Environments.EnvironmentMappings.Console", "Environments.EnvironmentMappings.Console\Environments.EnvironmentMappings.Console.csproj", "{5EA0C546-76F6-4B03-B6AE-E7B076C18B6C}"
EndProject
Global
	GlobalSection(SolutionConfigurationPlatforms) = preSolution
		Debug|Any CPU = Debug|Any CPU
		Debug|x64 = Debug|x64
		Debug|x86 = Debug|x86
		Release|Any CPU = Release|Any CPU
		Release|x64 = Release|x64
		Release|x86 = Release|x86
	EndGlobalSection
	GlobalSection(ProjectConfigurationPlatforms) = postSolution
		{40131806-2536-47E3-9E36-903BD9BC3A23}.Debug|Any CPU.ActiveCfg = Debug|Any CPU
		{40131806-2536-47E3-9E36-903BD9BC3A23}.Debug|Any CPU.Build.0 = Debug|Any CPU
		{40131806-2536-47E3-9E36-903BD9BC3A23}.Debug|x64.ActiveCfg = Debug|Any CPU
		{40131806-2536-47E3-9E36-903BD9BC3A23}.Debug|x64.Build.0 = Debug|Any CPU
		{40131806-2536-47E3-9E36-903BD9BC3A23}.Debug|x86.ActiveCfg = Debug|Any CPU
		{40131806-2536-47E3-9E36-903BD9BC3A23}.Debug|x86.Build.0 = Debug|Any CPU
		{40131806-2536-47E3-9E36-903BD9BC3A23}.Release|Any CPU.ActiveCfg = Release|Any CPU
		{40131806-2536-47E3-9E36-903BD9BC3A23}.Release|Any CPU.Build.0 = Release|Any CPU
		{40131806-2536-47E3-9E36-903BD9BC3A23}.Release|x64.ActiveCfg = Release|Any CPU
		{40131806-2536-47E3-9E36-903BD9BC3A23}.Release|x64.Build.0 = Release|Any CPU
		{40131806-2536-47E3-9E36-903BD9BC3A23}.Release|x86.ActiveCfg = Release|Any CPU
		{40131806-2536-47E3-9E36-903BD9BC3A23}.Release|x86.Build.0 = Release|Any CPU
		{AE64C2D9-F038-4347-A816-0E6110312639}.Debug|Any CPU.ActiveCfg = Debug|Any CPU
		{AE64C2D9-F038-4347-A816-0E6110312639}.Debug|Any CPU.Build.0 = Debug|Any CPU
		{AE64C2D9-F038-4347-A816-0E6110312639}.Debug|x64.ActiveCfg = Debug|Any CPU
		{AE64C2D9-F038-4347-A816-0E6110312639}.Debug|x64.Build.0 = Debug|Any CPU
		{AE64C2D9-F038-4347-A816-0E6110312639}.Debug|x86.ActiveCfg = Debug|Any CPU
		{AE64C2D9-F038-4347-A816-0E6110312639}.Debug|x86.Build.0 = Debug|Any CPU
		{AE64C2D9-F038-4347-A816-0E6110312639}.Release|Any CPU.ActiveCfg = Release|Any CPU
		{AE64C2D9-F038-4347-A816-0E6110312639}.Release|Any CPU.Build.0 = Release|Any CPU
		{AE64C2D9-F038-4347-A816-0E6110312639}.Release|x64.ActiveCfg = Release|Any CPU
		{AE64C2D9-F038-4347-A816-0E6110312639}.Release|x64.Build.0 = Release|Any CPU
		{AE64C2D9-F038-4347-A816-0E6110312639}.Release|x86.ActiveCfg = Release|Any CPU
		{AE64C2D9-F038-4347-A816-0E6110312639}.Release|x86.Build.0 = Release|Any CPU
		{5EA0C546-76F6-4B03-B6AE-E7B076C18B6C}.Debug|Any CPU.ActiveCfg = Debug|Any CPU
		{5EA0C546-76F6-4B03-B6AE-E7B076C18B6C}.Debug|Any CPU.Build.0 = Debug|Any CPU
		{5EA0C546-76F6-4B03-B6AE-E7B076C18B6C}.Debug|x64.ActiveCfg = Debug|Any CPU
		{5EA0C546-76F6-4B03-B6AE-E7B076C18B6C}.Debug|x64.Build.0 = Debug|Any CPU
		{5EA0C546-76F6-4B03-B6AE-E7B076C18B6C}.Debug|x86.ActiveCfg = Debug|Any CPU
		{5EA0C546-76F6-4B03-B6AE-E7B076C18B6C}.Debug|x86.Build.0 = Debug|Any CPU
		{5EA0C546-76F6-4B03-B6AE-E7B076C18B6C}.Release|Any CPU.ActiveCfg = Release|Any CPU
		{5EA0C546-76F6-4B03-B6AE-E7B076C18B6C}.Release|Any CPU.Build.0 = Release|Any CPU
		{5EA0C546-76F6-4B03-B6AE-E7B076C18B6C}.Release|x64.ActiveCfg = Release|Any CPU
		{5EA0C546-76F6-4B03-B6AE-E7B076C18B6C}.Release|x64.Build.0 = Release|Any CPU
		{5EA0C546-76F6-4B03-B6AE-E7B076C18B6C}.Release|x86.ActiveCfg = Release|Any CPU
		{5EA0C546-76F6-4B03-B6AE-E7B076C18B6C}.Release|x86.Build.0 = Release|Any CPU
	EndGlobalSection
	GlobalSection(SolutionProperties) = preSolution
		HideSolutionNode = FALSE
	EndGlobalSection
EndGlobal
