<Solution>
  <Project Path="Environments.EnvironmentMappings/Environments.EnvironmentMappings.csproj" />
  <Project Path="Environments.EnvironmentMappings.Tests/Environments.EnvironmentMappings.Tests.csproj" />
  <Project Path="Environments.EnvironmentMappings.Console/Environments.EnvironmentMappings.Console.csproj" />
</Solution>
